
Microsoft Visual Studio Solution File, Format Version 12.00
# Visual Studio Version 16
VisualStudioVersion = 25.0.1703.8
MinimumVisualStudioVersion = 10.0.40219.1
Project("{FAE04EC0-301F-11D3-BF4B-00C04F79EFBC}") = "SegurosUdla.WebApi", "SegurosUdla.WebApi\SegurosUdla.WebApi.csproj", "{B0E136F8-48AA-41D7-9F20-0459263A93C6}"
EndProject
Project("{FAE04EC0-301F-11D3-BF4B-00C04F79EFBC}") = "SegurosUdla.Tests", "SegurosUdla.Tests\SegurosUdla.Tests.csproj", "{96485DE8-E1D9-4857-BCB6-3B212ECEE58A}"
EndProject
Global
	GlobalSection(SolutionConfigurationPlatforms) = preSolution
		Debug|Any CPU = Debug|Any CPU
		Release|Any CPU = Release|Any CPU
	EndGlobalSection
	GlobalSection(ProjectConfigurationPlatforms) = postSolution
		{B0E136F8-48AA-41D7-9F20-0459263A93C6}.Debug|Any CPU.ActiveCfg = Debug|Any CPU
		{B0E136F8-48AA-41D7-9F20-0459263A93C6}.Debug|Any CPU.Build.0 = Debug|Any CPU
		{B0E136F8-48AA-41D7-9F20-0459263A93C6}.Release|Any CPU.ActiveCfg = Release|Any CPU
		{B0E136F8-48AA-41D7-9F20-0459263A93C6}.Release|Any CPU.Build.0 = Release|Any CPU
		{96485DE8-E1D9-4857-BCB6-3B212ECEE58A}.Debug|Any CPU.ActiveCfg = Debug|Any CPU
		{96485DE8-E1D9-4857-BCB6-3B212ECEE58A}.Debug|Any CPU.Build.0 = Debug|Any CPU
		{96485DE8-E1D9-4857-BCB6-3B212ECEE58A}.Release|Any CPU.ActiveCfg = Release|Any CPU
		{96485DE8-E1D9-4857-BCB6-3B212ECEE58A}.Release|Any CPU.Build.0 = Release|Any CPU
	EndGlobalSection
	GlobalSection(SolutionProperties) = preSolution
		HideSolutionNode = FALSE
	EndGlobalSection
	GlobalSection(ExtensibilityGlobals) = postSolution
		SolutionGuid = {9A8109BE-4530-4121-9469-E6D915C71E45}
	EndGlobalSection
EndGlobal
